
Microsoft Visual Studio Solution File, Format Version 12.00
# Visual Studio Version 17
VisualStudioVersion = 17.10.35122.118
MinimumVisualStudioVersion = 10.0.40219.1
Project("{9A19103F-16F7-4668-BE54-9A1E7A4F7556}") = "AddressBook", "AddressBook\AddressBook.csproj", "{56F02551-6D22-4801-80AC-FC5485B83E18}"
EndProject
Project("{9A19103F-16F7-4668-BE54-9A1E7A4F7556}") = "BusinessLayer", "BusinessLayer\BusinessLayer.csproj", "{B7CEA72F-2D99-444E-9FAB-9794B8668732}"
EndProject
Project("{9A19103F-16F7-4668-BE54-9A1E7A4F7556}") = "ModelLayer", "ModelLayer\ModelLayer.csproj", "{7C39A2CD-6384-46F4-8F62-65BF966B1E16}"
EndProject
Project("{9A19103F-16F7-4668-BE54-9A1E7A4F7556}") = "RepositoryLayer", "RepositoryLayer\RepositoryLayer.csproj", "{2F2C10D4-ADDB-432E-B76A-7D507DBC4AAB}"
EndProject
Global
	GlobalSection(SolutionConfigurationPlatforms) = preSolution
		Debug|Any CPU = Debug|Any CPU
		Release|Any CPU = Release|Any CPU
	EndGlobalSection
	GlobalSection(ProjectConfigurationPlatforms) = postSolution
		{56F02551-6D22-4801-80AC-FC5485B83E18}.Debug|Any CPU.ActiveCfg = Debug|Any CPU
		{56F02551-6D22-4801-80AC-FC5485B83E18}.Debug|Any CPU.Build.0 = Debug|Any CPU
		{56F02551-6D22-4801-80AC-FC5485B83E18}.Release|Any CPU.ActiveCfg = Release|Any CPU
		{56F02551-6D22-4801-80AC-FC5485B83E18}.Release|Any CPU.Build.0 = Release|Any CPU
		{B7CEA72F-2D99-444E-9FAB-9794B8668732}.Debug|Any CPU.ActiveCfg = Debug|Any CPU
		{B7CEA72F-2D99-444E-9FAB-9794B8668732}.Debug|Any CPU.Build.0 = Debug|Any CPU
		{B7CEA72F-2D99-444E-9FAB-9794B8668732}.Release|Any CPU.ActiveCfg = Release|Any CPU
		{B7CEA72F-2D99-444E-9FAB-9794B8668732}.Release|Any CPU.Build.0 = Release|Any CPU
		{7C39A2CD-6384-46F4-8F62-65BF966B1E16}.Debug|Any CPU.ActiveCfg = Debug|Any CPU
		{7C39A2CD-6384-46F4-8F62-65BF966B1E16}.Debug|Any CPU.Build.0 = Debug|Any CPU
		{7C39A2CD-6384-46F4-8F62-65BF966B1E16}.Release|Any CPU.ActiveCfg = Release|Any CPU
		{7C39A2CD-6384-46F4-8F62-65BF966B1E16}.Release|Any CPU.Build.0 = Release|Any CPU
		{2F2C10D4-ADDB-432E-B76A-7D507DBC4AAB}.Debug|Any CPU.ActiveCfg = Debug|Any CPU
		{2F2C10D4-ADDB-432E-B76A-7D507DBC4AAB}.Debug|Any CPU.Build.0 = Debug|Any CPU
		{2F2C10D4-ADDB-432E-B76A-7D507DBC4AAB}.Release|Any CPU.ActiveCfg = Release|Any CPU
		{2F2C10D4-ADDB-432E-B76A-7D507DBC4AAB}.Release|Any CPU.Build.0 = Release|Any CPU
	EndGlobalSection
	GlobalSection(SolutionProperties) = preSolution
		HideSolutionNode = FALSE
	EndGlobalSection
	GlobalSection(ExtensibilityGlobals) = postSolution
		SolutionGuid = {B84183E3-444D-45EB-A6C1-3A8A79AB4237}
	EndGlobalSection
EndGlobal
